
Microsoft Visual Studio Solution File, Format Version 12.00
# Visual Studio Version 17
VisualStudioVersion = 17.1.32421.90
MinimumVisualStudioVersion = 10.0.40219.1
Project("{9A19103F-16F7-4668-BE54-9A1E7A4F7556}") = "WebApiAnalyzers", "WebApiAnalyzers\WebApiAnalyzers.csproj", "{879BC08A-0CFF-4404-9E43-BAC664792889}"
EndProject
Project("{2150E333-8FDC-42A3-9474-1A3956D46DE8}") = "Solution Items", "Solution Items", "{6638237C-51BF-4D05-8E43-7D795013C340}"
	ProjectSection(SolutionItems) = preProject
		readme.md = readme.md
	EndProjectSection
EndProject
Project("{9A19103F-16F7-4668-BE54-9A1E7A4F7556}") = "ConsoleRoslynator", "ConsoleRoslynator\ConsoleRoslynator.csproj", "{7DC105A1-5D5E-4809-ACB2-D3B66A247954}"
EndProject
Global
	GlobalSection(SolutionConfigurationPlatforms) = preSolution
		Debug|Any CPU = Debug|Any CPU
		Release|Any CPU = Release|Any CPU
	EndGlobalSection
	GlobalSection(ProjectConfigurationPlatforms) = postSolution
		{879BC08A-0CFF-4404-9E43-BAC664792889}.Debug|Any CPU.ActiveCfg = Debug|Any CPU
		{879BC08A-0CFF-4404-9E43-BAC664792889}.Debug|Any CPU.Build.0 = Debug|Any CPU
		{879BC08A-0CFF-4404-9E43-BAC664792889}.Release|Any CPU.ActiveCfg = Release|Any CPU
		{879BC08A-0CFF-4404-9E43-BAC664792889}.Release|Any CPU.Build.0 = Release|Any CPU
		{7DC105A1-5D5E-4809-ACB2-D3B66A247954}.Debug|Any CPU.ActiveCfg = Debug|Any CPU
		{7DC105A1-5D5E-4809-ACB2-D3B66A247954}.Debug|Any CPU.Build.0 = Debug|Any CPU
		{7DC105A1-5D5E-4809-ACB2-D3B66A247954}.Release|Any CPU.ActiveCfg = Release|Any CPU
		{7DC105A1-5D5E-4809-ACB2-D3B66A247954}.Release|Any CPU.Build.0 = Release|Any CPU
	EndGlobalSection
	GlobalSection(SolutionProperties) = preSolution
		HideSolutionNode = FALSE
	EndGlobalSection
	GlobalSection(ExtensibilityGlobals) = postSolution
		SolutionGuid = {08F2075D-E99F-4F13-BEDE-A01B1AC27251}
	EndGlobalSection
EndGlobal
